
Microsoft Visual Studio Solution File, Format Version 12.00
# Visual Studio Version 17
VisualStudioVersion = 17.10.35013.160
MinimumVisualStudioVersion = 10.0.40219.1
Project("{FAE04EC0-301F-11D3-BF4B-00C04F79EFBC}") = "Assignment1_Calculator", "Assignment1_Calculator.csproj", "{EFDFD127-4A57-425A-A41B-8B91B423D966}"
EndProject
Global
	GlobalSection(SolutionConfigurationPlatforms) = preSolution
		Debug|Any CPU = Debug|Any CPU
		Release|Any CPU = Release|Any CPU
	EndGlobalSection
	GlobalSection(ProjectConfigurationPlatforms) = postSolution
		{EFDFD127-4A57-425A-A41B-8B91B423D966}.Debug|Any CPU.ActiveCfg = Debug|Any CPU
		{EFDFD127-4A57-425A-A41B-8B91B423D966}.Debug|Any CPU.Build.0 = Debug|Any CPU
		{EFDFD127-4A57-425A-A41B-8B91B423D966}.Release|Any CPU.ActiveCfg = Release|Any CPU
		{EFDFD127-4A57-425A-A41B-8B91B423D966}.Release|Any CPU.Build.0 = Release|Any CPU
	EndGlobalSection
	GlobalSection(SolutionProperties) = preSolution
		HideSolutionNode = FALSE
	EndGlobalSection
	GlobalSection(ExtensibilityGlobals) = postSolution
		SolutionGuid = {B0671740-EDA2-4B35-988B-E319C7B4BDD4}
	EndGlobalSection
EndGlobal
